// !$*UTF8*$!
{
	archiveVersion = 1;
	classes = {
	};
	objectVersion = 50;
	objects = {

/* Begin PBXBuildFile section */
		5F37ABDE24975AC200AEEF6F /* XSSharedUnit.h in Headers */ = {isa = PBXBuildFile; fileRef = 5F37ABDC24975AC200AEEF6F /* XSSharedUnit.h */; settings = {ATTRIBUTES = (Public, ); }; };
		5F37AC1024975FEA00AEEF6F /* XSNetRequestError.m in Sources */ = {isa = PBXBuildFile; fileRef = 5F37ABE524975FE900AEEF6F /* XSNetRequestError.m */; };
		5F37AC1124975FEA00AEEF6F /* UIViewController+XSNetRequestManager.h in Headers */ = {isa = PBXBuildFile; fileRef = 5F37ABE624975FE900AEEF6F /* UIViewController+XSNetRequestManager.h */; settings = {ATTRIBUTES = (Public, ); }; };
		5F37AC1224975FEA00AEEF6F /* XSNetRequestProgress.h in Headers */ = {isa = PBXBuildFile; fileRef = 5F37ABE724975FE900AEEF6F /* XSNetRequestProgress.h */; settings = {ATTRIBUTES = (Public, ); }; };
		5F37AC1324975FEA00AEEF6F /* XSNetRequest.h in Headers */ = {isa = PBXBuildFile; fileRef = 5F37ABE824975FE900AEEF6F /* XSNetRequest.h */; settings = {ATTRIBUTES = (Public, ); }; };
		5F37AC1424975FEA00AEEF6F /* XSNetRequestManager.m in Sources */ = {isa = PBXBuildFile; fileRef = 5F37ABE924975FE900AEEF6F /* XSNetRequestManager.m */; };
		5F37AC1524975FEA00AEEF6F /* UIViewController+XSNetRequestManager.m in Sources */ = {isa = PBXBuildFile; fileRef = 5F37ABEA24975FE900AEEF6F /* UIViewController+XSNetRequestManager.m */; };
		5F37AC1624975FEA00AEEF6F /* XSNetRequestError.h in Headers */ = {isa = PBXBuildFile; fileRef = 5F37ABEB24975FE900AEEF6F /* XSNetRequestError.h */; settings = {ATTRIBUTES = (Public, ); }; };
		5F37AC1724975FEA00AEEF6F /* XSNetRequestErrorCode.h in Headers */ = {isa = PBXBuildFile; fileRef = 5F37ABEC24975FE900AEEF6F /* XSNetRequestErrorCode.h */; settings = {ATTRIBUTES = (Public, ); }; };
		5F37AC1824975FEA00AEEF6F /* XSNetRequestManager.h in Headers */ = {isa = PBXBuildFile; fileRef = 5F37ABED24975FE900AEEF6F /* XSNetRequestManager.h */; settings = {ATTRIBUTES = (Public, ); }; };
		5F37AC1924975FEA00AEEF6F /* XSNetRequest.m in Sources */ = {isa = PBXBuildFile; fileRef = 5F37ABEE24975FE900AEEF6F /* XSNetRequest.m */; };
		5F37AC1A24975FEA00AEEF6F /* XSNetRequestProgress.m in Sources */ = {isa = PBXBuildFile; fileRef = 5F37ABEF24975FE900AEEF6F /* XSNetRequestProgress.m */; };
		5F37AC1B24975FEA00AEEF6F /* XSUITextField.h in Headers */ = {isa = PBXBuildFile; fileRef = 5F37ABF124975FE900AEEF6F /* XSUITextField.h */; settings = {ATTRIBUTES = (Public, ); }; };
		5F37AC1C24975FEA00AEEF6F /* XSLoadingView.m in Sources */ = {isa = PBXBuildFile; fileRef = 5F37ABF224975FE900AEEF6F /* XSLoadingView.m */; };
		5F37AC1D24975FEA00AEEF6F /* XSUITextField.m in Sources */ = {isa = PBXBuildFile; fileRef = 5F37ABF324975FE900AEEF6F /* XSUITextField.m */; };
		5F37AC1E24975FEA00AEEF6F /* XSLoadingView.h in Headers */ = {isa = PBXBuildFile; fileRef = 5F37ABF424975FE900AEEF6F /* XSLoadingView.h */; settings = {ATTRIBUTES = (Public, ); }; };
		5F37AC2724975FEA00AEEF6F /* NSObject+CrashHandle.m in Sources */ = {isa = PBXBuildFile; fileRef = 5F37AC0224975FEA00AEEF6F /* NSObject+CrashHandle.m */; };
		5F37AC2824975FEA00AEEF6F /* UIView+Action.h in Headers */ = {isa = PBXBuildFile; fileRef = 5F37AC0324975FEA00AEEF6F /* UIView+Action.h */; settings = {ATTRIBUTES = (Public, ); }; };
		5F37AC2924975FEA00AEEF6F /* UIView+ExtraTag.m in Sources */ = {isa = PBXBuildFile; fileRef = 5F37AC0424975FEA00AEEF6F /* UIView+ExtraTag.m */; };
		5F37AC2A24975FEA00AEEF6F /* NSObject+Swizzling.h in Headers */ = {isa = PBXBuildFile; fileRef = 5F37AC0524975FEA00AEEF6F /* NSObject+Swizzling.h */; settings = {ATTRIBUTES = (Public, ); }; };
		5F37AC2B24975FEA00AEEF6F /* UIView+Action.m in Sources */ = {isa = PBXBuildFile; fileRef = 5F37AC0624975FEA00AEEF6F /* UIView+Action.m */; };
		5F37AC2C24975FEA00AEEF6F /* NSObject+CrashHandle.h in Headers */ = {isa = PBXBuildFile; fileRef = 5F37AC0724975FEA00AEEF6F /* NSObject+CrashHandle.h */; settings = {ATTRIBUTES = (Public, ); }; };
		5F37AC2D24975FEA00AEEF6F /* UIView+ExtraTag.h in Headers */ = {isa = PBXBuildFile; fileRef = 5F37AC0824975FEA00AEEF6F /* UIView+ExtraTag.h */; settings = {ATTRIBUTES = (Public, ); }; };
		5F37AC2E24975FEA00AEEF6F /* NSObject+Swizzling.m in Sources */ = {isa = PBXBuildFile; fileRef = 5F37AC0924975FEA00AEEF6F /* NSObject+Swizzling.m */; };
		5F37AC2F24975FEA00AEEF6F /* XSUIFit.m in Sources */ = {isa = PBXBuildFile; fileRef = 5F37AC0B24975FEA00AEEF6F /* XSUIFit.m */; };
		5F37AC3024975FEA00AEEF6F /* XSUIUtils.h in Headers */ = {isa = PBXBuildFile; fileRef = 5F37AC0C24975FEA00AEEF6F /* XSUIUtils.h */; settings = {ATTRIBUTES = (Public, ); }; };
		5F37AC3124975FEA00AEEF6F /* XSUIMacro.h in Headers */ = {isa = PBXBuildFile; fileRef = 5F37AC0D24975FEA00AEEF6F /* XSUIMacro.h */; settings = {ATTRIBUTES = (Public, ); }; };
		5F37AC3224975FEA00AEEF6F /* XSUIUtils.m in Sources */ = {isa = PBXBuildFile; fileRef = 5F37AC0E24975FEA00AEEF6F /* XSUIUtils.m */; };
		5F37AC3324975FEA00AEEF6F /* XSUIFit.h in Headers */ = {isa = PBXBuildFile; fileRef = 5F37AC0F24975FEA00AEEF6F /* XSUIFit.h */; settings = {ATTRIBUTES = (Public, ); }; };
		5F42704325A43ACE0088DBDF /* DataUtils.h in Headers */ = {isa = PBXBuildFile; fileRef = 5F42704125A43ACE0088DBDF /* DataUtils.h */; };
		5F42704425A43ACE0088DBDF /* DataUtils.m in Sources */ = {isa = PBXBuildFile; fileRef = 5F42704225A43ACE0088DBDF /* DataUtils.m */; };
		5F6B253A24ED28D100BF1979 /* XSDeviceInfo.m in Sources */ = {isa = PBXBuildFile; fileRef = 5F6B253824ED28D100BF1979 /* XSDeviceInfo.m */; };
		5F6B253B24ED28D100BF1979 /* XSDeviceInfo.h in Headers */ = {isa = PBXBuildFile; fileRef = 5F6B253924ED28D100BF1979 /* XSDeviceInfo.h */; };
		5F6B253D24ED290100BF1979 /* XSDeviceDefine.h in Headers */ = {isa = PBXBuildFile; fileRef = 5F6B253C24ED290100BF1979 /* XSDeviceDefine.h */; };
		5F6B254024ED2AEC00BF1979 /* XSReachability.m in Sources */ = {isa = PBXBuildFile; fileRef = 5F6B253E24ED2AEC00BF1979 /* XSReachability.m */; };
		5F6B254124ED2AEC00BF1979 /* XSReachability.h in Headers */ = {isa = PBXBuildFile; fileRef = 5F6B253F24ED2AEC00BF1979 /* XSReachability.h */; };
		5F6B254424ED2DEA00BF1979 /* UIDevice+XSDeviceInfo.h in Headers */ = {isa = PBXBuildFile; fileRef = 5F6B254224ED2DEA00BF1979 /* UIDevice+XSDeviceInfo.h */; };
		5F6B254524ED2DEA00BF1979 /* UIDevice+XSDeviceInfo.m in Sources */ = {isa = PBXBuildFile; fileRef = 5F6B254324ED2DEA00BF1979 /* UIDevice+XSDeviceInfo.m */; };
		5FAD2F4B26818DD800B00743 /* XSArray.h in Headers */ = {isa = PBXBuildFile; fileRef = 5FAD2F4926818DD800B00743 /* XSArray.h */; };
		5FAD2F4C26818DD800B00743 /* XSArray.m in Sources */ = {isa = PBXBuildFile; fileRef = 5FAD2F4A26818DD800B00743 /* XSArray.m */; };
		5FAD2F512681C0DF00B00743 /* XSDictionary.h in Headers */ = {isa = PBXBuildFile; fileRef = 5FAD2F4F2681C0DF00B00743 /* XSDictionary.h */; };
		5FAD2F522681C0DF00B00743 /* XSDictionary.m in Sources */ = {isa = PBXBuildFile; fileRef = 5FAD2F502681C0DF00B00743 /* XSDictionary.m */; };
		A8A07A50D45C0E77FCA6A47B /* Pods_XSSharedUnit.framework in Frameworks */ = {isa = PBXBuildFile; fileRef = 839DECE1DCFC522E88FF76A4 /* Pods_XSSharedUnit.framework */; };
/* End PBXBuildFile section */

/* Begin PBXFileReference section */
		354AC451D72123573C57CADA /* Pods-XSSharedUnit.release.xcconfig */ = {isa = PBXFileReference; includeInIndex = 1; lastKnownFileType = text.xcconfig; name = "Pods-XSSharedUnit.release.xcconfig"; path = "Target Support Files/Pods-XSSharedUnit/Pods-XSSharedUnit.release.xcconfig"; sourceTree = "<group>"; };
		5F37ABD924975AC200AEEF6F /* XSSharedUnit.framework */ = {isa = PBXFileReference; explicitFileType = wrapper.framework; includeInIndex = 0; path = XSSharedUnit.framework; sourceTree = BUILT_PRODUCTS_DIR; };
		5F37ABDC24975AC200AEEF6F /* XSSharedUnit.h */ = {isa = PBXFileReference; lastKnownFileType = sourcecode.c.h; path = XSSharedUnit.h; sourceTree = "<group>"; };
		5F37ABDD24975AC200AEEF6F /* Info.plist */ = {isa = PBXFileReference; lastKnownFileType = text.plist.xml; path = Info.plist; sourceTree = "<group>"; };
		5F37ABE524975FE900AEEF6F /* XSNetRequestError.m */ = {isa = PBXFileReference; fileEncoding = 4; lastKnownFileType = sourcecode.c.objc; path = XSNetRequestError.m; sourceTree = "<group>"; };
		5F37ABE624975FE900AEEF6F /* UIViewController+XSNetRequestManager.h */ = {isa = PBXFileReference; fileEncoding = 4; lastKnownFileType = sourcecode.c.h; path = "UIViewController+XSNetRequestManager.h"; sourceTree = "<group>"; };
		5F37ABE724975FE900AEEF6F /* XSNetRequestProgress.h */ = {isa = PBXFileReference; fileEncoding = 4; lastKnownFileType = sourcecode.c.h; path = XSNetRequestProgress.h; sourceTree = "<group>"; };
		5F37ABE824975FE900AEEF6F /* XSNetRequest.h */ = {isa = PBXFileReference; fileEncoding = 4; lastKnownFileType = sourcecode.c.h; path = XSNetRequest.h; sourceTree = "<group>"; };
		5F37ABE924975FE900AEEF6F /* XSNetRequestManager.m */ = {isa = PBXFileReference; fileEncoding = 4; lastKnownFileType = sourcecode.c.objc; path = XSNetRequestManager.m; sourceTree = "<group>"; };
		5F37ABEA24975FE900AEEF6F /* UIViewController+XSNetRequestManager.m */ = {isa = PBXFileReference; fileEncoding = 4; lastKnownFileType = sourcecode.c.objc; path = "UIViewController+XSNetRequestManager.m"; sourceTree = "<group>"; };
		5F37ABEB24975FE900AEEF6F /* XSNetRequestError.h */ = {isa = PBXFileReference; fileEncoding = 4; lastKnownFileType = sourcecode.c.h; path = XSNetRequestError.h; sourceTree = "<group>"; };
		5F37ABEC24975FE900AEEF6F /* XSNetRequestErrorCode.h */ = {isa = PBXFileReference; fileEncoding = 4; lastKnownFileType = sourcecode.c.h; path = XSNetRequestErrorCode.h; sourceTree = "<group>"; };
		5F37ABED24975FE900AEEF6F /* XSNetRequestManager.h */ = {isa = PBXFileReference; fileEncoding = 4; lastKnownFileType = sourcecode.c.h; path = XSNetRequestManager.h; sourceTree = "<group>"; };
		5F37ABEE24975FE900AEEF6F /* XSNetRequest.m */ = {isa = PBXFileReference; fileEncoding = 4; lastKnownFileType = sourcecode.c.objc; path = XSNetRequest.m; sourceTree = "<group>"; };
		5F37ABEF24975FE900AEEF6F /* XSNetRequestProgress.m */ = {isa = PBXFileReference; fileEncoding = 4; lastKnownFileType = sourcecode.c.objc; path = XSNetRequestProgress.m; sourceTree = "<group>"; };
		5F37ABF124975FE900AEEF6F /* XSUITextField.h */ = {isa = PBXFileReference; fileEncoding = 4; lastKnownFileType = sourcecode.c.h; path = XSUITextField.h; sourceTree = "<group>"; };
		5F37ABF224975FE900AEEF6F /* XSLoadingView.m */ = {isa = PBXFileReference; fileEncoding = 4; lastKnownFileType = sourcecode.c.objc; path = XSLoadingView.m; sourceTree = "<group>"; };
		5F37ABF324975FE900AEEF6F /* XSUITextField.m */ = {isa = PBXFileReference; fileEncoding = 4; lastKnownFileType = sourcecode.c.objc; path = XSUITextField.m; sourceTree = "<group>"; };
		5F37ABF424975FE900AEEF6F /* XSLoadingView.h */ = {isa = PBXFileReference; fileEncoding = 4; lastKnownFileType = sourcecode.c.h; path = XSLoadingView.h; sourceTree = "<group>"; };
		5F37AC0224975FEA00AEEF6F /* NSObject+CrashHandle.m */ = {isa = PBXFileReference; fileEncoding = 4; lastKnownFileType = sourcecode.c.objc; path = "NSObject+CrashHandle.m"; sourceTree = "<group>"; };
		5F37AC0324975FEA00AEEF6F /* UIView+Action.h */ = {isa = PBXFileReference; fileEncoding = 4; lastKnownFileType = sourcecode.c.h; path = "UIView+Action.h"; sourceTree = "<group>"; };
		5F37AC0424975FEA00AEEF6F /* UIView+ExtraTag.m */ = {isa = PBXFileReference; fileEncoding = 4; lastKnownFileType = sourcecode.c.objc; path = "UIView+ExtraTag.m"; sourceTree = "<group>"; };
		5F37AC0524975FEA00AEEF6F /* NSObject+Swizzling.h */ = {isa = PBXFileReference; fileEncoding = 4; lastKnownFileType = sourcecode.c.h; path = "NSObject+Swizzling.h"; sourceTree = "<group>"; };
		5F37AC0624975FEA00AEEF6F /* UIView+Action.m */ = {isa = PBXFileReference; fileEncoding = 4; lastKnownFileType = sourcecode.c.objc; path = "UIView+Action.m"; sourceTree = "<group>"; };
		5F37AC0724975FEA00AEEF6F /* NSObject+CrashHandle.h */ = {isa = PBXFileReference; fileEncoding = 4; lastKnownFileType = sourcecode.c.h; path = "NSObject+CrashHandle.h"; sourceTree = "<group>"; };
		5F37AC0824975FEA00AEEF6F /* UIView+ExtraTag.h */ = {isa = PBXFileReference; fileEncoding = 4; lastKnownFileType = sourcecode.c.h; path = "UIView+ExtraTag.h"; sourceTree = "<group>"; };
		5F37AC0924975FEA00AEEF6F /* NSObject+Swizzling.m */ = {isa = PBXFileReference; fileEncoding = 4; lastKnownFileType = sourcecode.c.objc; path = "NSObject+Swizzling.m"; sourceTree = "<group>"; };
		5F37AC0B24975FEA00AEEF6F /* XSUIFit.m */ = {isa = PBXFileReference; fileEncoding = 4; lastKnownFileType = sourcecode.c.objc; path = XSUIFit.m; sourceTree = "<group>"; };
		5F37AC0C24975FEA00AEEF6F /* XSUIUtils.h */ = {isa = PBXFileReference; fileEncoding = 4; lastKnownFileType = sourcecode.c.h; path = XSUIUtils.h; sourceTree = "<group>"; };
		5F37AC0D24975FEA00AEEF6F /* XSUIMacro.h */ = {isa = PBXFileReference; fileEncoding = 4; lastKnownFileType = sourcecode.c.h; path = XSUIMacro.h; sourceTree = "<group>"; };
		5F37AC0E24975FEA00AEEF6F /* XSUIUtils.m */ = {isa = PBXFileReference; fileEncoding = 4; lastKnownFileType = sourcecode.c.objc; path = XSUIUtils.m; sourceTree = "<group>"; };
		5F37AC0F24975FEA00AEEF6F /* XSUIFit.h */ = {isa = PBXFileReference; fileEncoding = 4; lastKnownFileType = sourcecode.c.h; path = XSUIFit.h; sourceTree = "<group>"; };
		5F42704125A43ACE0088DBDF /* DataUtils.h */ = {isa = PBXFileReference; lastKnownFileType = sourcecode.c.h; path = DataUtils.h; sourceTree = "<group>"; };
		5F42704225A43ACE0088DBDF /* DataUtils.m */ = {isa = PBXFileReference; lastKnownFileType = sourcecode.c.objc; path = DataUtils.m; sourceTree = "<group>"; };
		5F6B253824ED28D100BF1979 /* XSDeviceInfo.m */ = {isa = PBXFileReference; fileEncoding = 4; lastKnownFileType = sourcecode.c.objc; path = XSDeviceInfo.m; sourceTree = "<group>"; };
		5F6B253924ED28D100BF1979 /* XSDeviceInfo.h */ = {isa = PBXFileReference; fileEncoding = 4; lastKnownFileType = sourcecode.c.h; path = XSDeviceInfo.h; sourceTree = "<group>"; };
		5F6B253C24ED290100BF1979 /* XSDeviceDefine.h */ = {isa = PBXFileReference; fileEncoding = 4; lastKnownFileType = sourcecode.c.h; path = XSDeviceDefine.h; sourceTree = "<group>"; };
		5F6B253E24ED2AEC00BF1979 /* XSReachability.m */ = {isa = PBXFileReference; fileEncoding = 4; lastKnownFileType = sourcecode.c.objc; path = XSReachability.m; sourceTree = "<group>"; };
		5F6B253F24ED2AEC00BF1979 /* XSReachability.h */ = {isa = PBXFileReference; fileEncoding = 4; lastKnownFileType = sourcecode.c.h; path = XSReachability.h; sourceTree = "<group>"; };
		5F6B254224ED2DEA00BF1979 /* UIDevice+XSDeviceInfo.h */ = {isa = PBXFileReference; fileEncoding = 4; lastKnownFileType = sourcecode.c.h; path = "UIDevice+XSDeviceInfo.h"; sourceTree = "<group>"; };
		5F6B254324ED2DEA00BF1979 /* UIDevice+XSDeviceInfo.m */ = {isa = PBXFileReference; fileEncoding = 4; lastKnownFileType = sourcecode.c.objc; path = "UIDevice+XSDeviceInfo.m"; sourceTree = "<group>"; };
		5FAD2F4926818DD800B00743 /* XSArray.h */ = {isa = PBXFileReference; lastKnownFileType = sourcecode.c.h; path = XSArray.h; sourceTree = "<group>"; };
		5FAD2F4A26818DD800B00743 /* XSArray.m */ = {isa = PBXFileReference; lastKnownFileType = sourcecode.c.objc; path = XSArray.m; sourceTree = "<group>"; };
		5FAD2F4F2681C0DF00B00743 /* XSDictionary.h */ = {isa = PBXFileReference; lastKnownFileType = sourcecode.c.h; path = XSDictionary.h; sourceTree = "<group>"; };
		5FAD2F502681C0DF00B00743 /* XSDictionary.m */ = {isa = PBXFileReference; lastKnownFileType = sourcecode.c.objc; path = XSDictionary.m; sourceTree = "<group>"; };
		839DECE1DCFC522E88FF76A4 /* Pods_XSSharedUnit.framework */ = {isa = PBXFileReference; explicitFileType = wrapper.framework; includeInIndex = 0; path = Pods_XSSharedUnit.framework; sourceTree = BUILT_PRODUCTS_DIR; };
		A506A3B7B9BA3B5F779C91EB /* Pods-XSSharedUnit.debug.xcconfig */ = {isa = PBXFileReference; includeInIndex = 1; lastKnownFileType = text.xcconfig; name = "Pods-XSSharedUnit.debug.xcconfig"; path = "Target Support Files/Pods-XSSharedUnit/Pods-XSSharedUnit.debug.xcconfig"; sourceTree = "<group>"; };
/* End PBXFileReference section */

/* Begin PBXFrameworksBuildPhase section */
		5F37ABD624975AC200AEEF6F /* Frameworks */ = {
			isa = PBXFrameworksBuildPhase;
			buildActionMask = 2147483647;
			files = (
				A8A07A50D45C0E77FCA6A47B /* Pods_XSSharedUnit.framework in Frameworks */,
			);
			runOnlyForDeploymentPostprocessing = 0;
		};
/* End PBXFrameworksBuildPhase section */

/* Begin PBXGroup section */
		1F389C8957E3458992346ACD /* Pods */ = {
			isa = PBXGroup;
			children = (
				A506A3B7B9BA3B5F779C91EB /* Pods-XSSharedUnit.debug.xcconfig */,
				354AC451D72123573C57CADA /* Pods-XSSharedUnit.release.xcconfig */,
			);
			path = Pods;
			sourceTree = "<group>";
		};
		5F37ABCF24975AC200AEEF6F = {
			isa = PBXGroup;
			children = (
				5F37ABDB24975AC200AEEF6F /* XSSharedUnit */,
				5F37ABDA24975AC200AEEF6F /* Products */,
				1F389C8957E3458992346ACD /* Pods */,
				C99C941FF241FBC89C6EC5BC /* Frameworks */,
			);
			sourceTree = "<group>";
		};
		5F37ABDA24975AC200AEEF6F /* Products */ = {
			isa = PBXGroup;
			children = (
				5F37ABD924975AC200AEEF6F /* XSSharedUnit.framework */,
			);
			name = Products;
			sourceTree = "<group>";
		};
		5F37ABDB24975AC200AEEF6F /* XSSharedUnit */ = {
			isa = PBXGroup;
			children = (
				5F6B252924ED258A00BF1979 /* DeviceInfo */,
				5FEE759C24D95CE3009A29BF /* Data */,
				5F37AC0124975FEA00AEEF6F /* Category */,
				5F37AC0A24975FEA00AEEF6F /* UI */,
				5F37ABF024975FE900AEEF6F /* Views */,
				5F37ABE424975FE900AEEF6F /* XSNetRequest */,
				5F37ABDC24975AC200AEEF6F /* XSSharedUnit.h */,
				5F37ABDD24975AC200AEEF6F /* Info.plist */,
			);
			path = XSSharedUnit;
			sourceTree = "<group>";
		};
		5F37ABE424975FE900AEEF6F /* XSNetRequest */ = {
			isa = PBXGroup;
			children = (
				5F37ABE624975FE900AEEF6F /* UIViewController+XSNetRequestManager.h */,
				5F37ABEA24975FE900AEEF6F /* UIViewController+XSNetRequestManager.m */,
				5F37ABE824975FE900AEEF6F /* XSNetRequest.h */,
				5F37ABEE24975FE900AEEF6F /* XSNetRequest.m */,
				5F37ABEB24975FE900AEEF6F /* XSNetRequestError.h */,
				5F37ABE524975FE900AEEF6F /* XSNetRequestError.m */,
				5F37ABEC24975FE900AEEF6F /* XSNetRequestErrorCode.h */,
				5F37ABED24975FE900AEEF6F /* XSNetRequestManager.h */,
				5F37ABE924975FE900AEEF6F /* XSNetRequestManager.m */,
				5F37ABE724975FE900AEEF6F /* XSNetRequestProgress.h */,
				5F37ABEF24975FE900AEEF6F /* XSNetRequestProgress.m */,
			);
			path = XSNetRequest;
			sourceTree = "<group>";
		};
		5F37ABF024975FE900AEEF6F /* Views */ = {
			isa = PBXGroup;
			children = (
				5F37ABF424975FE900AEEF6F /* XSLoadingView.h */,
				5F37ABF224975FE900AEEF6F /* XSLoadingView.m */,
				5F37ABF124975FE900AEEF6F /* XSUITextField.h */,
				5F37ABF324975FE900AEEF6F /* XSUITextField.m */,
			);
			path = Views;
			sourceTree = "<group>";
		};
		5F37AC0124975FEA00AEEF6F /* Category */ = {
			isa = PBXGroup;
			children = (
				5F37AC0724975FEA00AEEF6F /* NSObject+CrashHandle.h */,
				5F37AC0224975FEA00AEEF6F /* NSObject+CrashHandle.m */,
				5F37AC0524975FEA00AEEF6F /* NSObject+Swizzling.h */,
				5F37AC0924975FEA00AEEF6F /* NSObject+Swizzling.m */,
				5F37AC0324975FEA00AEEF6F /* UIView+Action.h */,
				5F37AC0624975FEA00AEEF6F /* UIView+Action.m */,
				5F37AC0824975FEA00AEEF6F /* UIView+ExtraTag.h */,
				5F37AC0424975FEA00AEEF6F /* UIView+ExtraTag.m */,
			);
			path = Category;
			sourceTree = "<group>";
		};
		5F37AC0A24975FEA00AEEF6F /* UI */ = {
			isa = PBXGroup;
			children = (
				5F37AC0F24975FEA00AEEF6F /* XSUIFit.h */,
				5F37AC0B24975FEA00AEEF6F /* XSUIFit.m */,
				5F37AC0D24975FEA00AEEF6F /* XSUIMacro.h */,
				5F37AC0C24975FEA00AEEF6F /* XSUIUtils.h */,
				5F37AC0E24975FEA00AEEF6F /* XSUIUtils.m */,
			);
			path = UI;
			sourceTree = "<group>";
		};
		5F6B252924ED258A00BF1979 /* DeviceInfo */ = {
			isa = PBXGroup;
			children = (
				5F6B254224ED2DEA00BF1979 /* UIDevice+XSDeviceInfo.h */,
				5F6B254324ED2DEA00BF1979 /* UIDevice+XSDeviceInfo.m */,
				5F6B253F24ED2AEC00BF1979 /* XSReachability.h */,
				5F6B253E24ED2AEC00BF1979 /* XSReachability.m */,
				5F6B253C24ED290100BF1979 /* XSDeviceDefine.h */,
				5F6B253924ED28D100BF1979 /* XSDeviceInfo.h */,
				5F6B253824ED28D100BF1979 /* XSDeviceInfo.m */,
			);
			path = DeviceInfo;
			sourceTree = "<group>";
		};
		5FEE759C24D95CE3009A29BF /* Data */ = {
			isa = PBXGroup;
			children = (
				5F42704125A43ACE0088DBDF /* DataUtils.h */,
				5F42704225A43ACE0088DBDF /* DataUtils.m */,
				5FAD2F4926818DD800B00743 /* XSArray.h */,
				5FAD2F4A26818DD800B00743 /* XSArray.m */,
				5FAD2F4F2681C0DF00B00743 /* XSDictionary.h */,
				5FAD2F502681C0DF00B00743 /* XSDictionary.m */,
			);
			path = Data;
			sourceTree = "<group>";
		};
		C99C941FF241FBC89C6EC5BC /* Frameworks */ = {
			isa = PBXGroup;
			children = (
				839DECE1DCFC522E88FF76A4 /* Pods_XSSharedUnit.framework */,
			);
			name = Frameworks;
			sourceTree = "<group>";
		};
/* End PBXGroup section */

/* Begin PBXHeadersBuildPhase section */
		5F37ABD424975AC200AEEF6F /* Headers */ = {
			isa = PBXHeadersBuildPhase;
			buildActionMask = 2147483647;
			files = (
				5F37AC1E24975FEA00AEEF6F /* XSLoadingView.h in Headers */,
				5F6B254424ED2DEA00BF1979 /* UIDevice+XSDeviceInfo.h in Headers */,
				5F37AC1124975FEA00AEEF6F /* UIViewController+XSNetRequestManager.h in Headers */,
				5F37AC1624975FEA00AEEF6F /* XSNetRequestError.h in Headers */,
				5F6B253D24ED290100BF1979 /* XSDeviceDefine.h in Headers */,
				5F37AC3024975FEA00AEEF6F /* XSUIUtils.h in Headers */,
				5F37AC1224975FEA00AEEF6F /* XSNetRequestProgress.h in Headers */,
				5F37AC3124975FEA00AEEF6F /* XSUIMacro.h in Headers */,
				5F37AC2A24975FEA00AEEF6F /* NSObject+Swizzling.h in Headers */,
				5F37AC1824975FEA00AEEF6F /* XSNetRequestManager.h in Headers */,
				5F6B254124ED2AEC00BF1979 /* XSReachability.h in Headers */,
				5F42704325A43ACE0088DBDF /* DataUtils.h in Headers */,
				5F37ABDE24975AC200AEEF6F /* XSSharedUnit.h in Headers */,
				5FAD2F4B26818DD800B00743 /* XSArray.h in Headers */,
				5F37AC1324975FEA00AEEF6F /* XSNetRequest.h in Headers */,
				5F37AC2D24975FEA00AEEF6F /* UIView+ExtraTag.h in Headers */,
				5F37AC1724975FEA00AEEF6F /* XSNetRequestErrorCode.h in Headers */,
				5F6B253B24ED28D100BF1979 /* XSDeviceInfo.h in Headers */,
				5FAD2F512681C0DF00B00743 /* XSDictionary.h in Headers */,
				5F37AC2C24975FEA00AEEF6F /* NSObject+CrashHandle.h in Headers */,
				5F37AC1B24975FEA00AEEF6F /* XSUITextField.h in Headers */,
				5F37AC2824975FEA00AEEF6F /* UIView+Action.h in Headers */,
				5F37AC3324975FEA00AEEF6F /* XSUIFit.h in Headers */,
			);
			runOnlyForDeploymentPostprocessing = 0;
		};
/* End PBXHeadersBuildPhase section */

/* Begin PBXNativeTarget section */
		5F37ABD824975AC200AEEF6F /* XSSharedUnit */ = {
			isa = PBXNativeTarget;
			buildConfigurationList = 5F37ABE124975AC200AEEF6F /* Build configuration list for PBXNativeTarget "XSSharedUnit" */;
			buildPhases = (
				1B9BBA6DC56395EB31BBCC71 /* [CP] Check Pods Manifest.lock */,
				5F37ABD424975AC200AEEF6F /* Headers */,
				5F37ABD524975AC200AEEF6F /* Sources */,
				5F37ABD624975AC200AEEF6F /* Frameworks */,
				5F37ABD724975AC200AEEF6F /* Resources */,
			);
			buildRules = (
			);
			dependencies = (
			);
			name = XSSharedUnit;
			productName = XSSharedUnit;
			productReference = 5F37ABD924975AC200AEEF6F /* XSSharedUnit.framework */;
			productType = "com.apple.product-type.framework";
		};
/* End PBXNativeTarget section */

/* Begin PBXProject section */
		5F37ABD024975AC200AEEF6F /* Project object */ = {
			isa = PBXProject;
			attributes = {
				LastUpgradeCheck = 1220;
				ORGANIZATIONNAME = Good_Morning_;
				TargetAttributes = {
					5F37ABD824975AC200AEEF6F = {
						CreatedOnToolsVersion = 11.5;
					};
				};
			};
			buildConfigurationList = 5F37ABD324975AC200AEEF6F /* Build configuration list for PBXProject "XSSharedUnit" */;
			compatibilityVersion = "Xcode 9.3";
			developmentRegion = en;
			hasScannedForEncodings = 0;
			knownRegions = (
				en,
				Base,
			);
			mainGroup = 5F37ABCF24975AC200AEEF6F;
			productRefGroup = 5F37ABDA24975AC200AEEF6F /* Products */;
			projectDirPath = "";
			projectRoot = "";
			targets = (
				5F37ABD824975AC200AEEF6F /* XSSharedUnit */,
			);
		};
/* End PBXProject section */

/* Begin PBXResourcesBuildPhase section */
		5F37ABD724975AC200AEEF6F /* Resources */ = {
			isa = PBXResourcesBuildPhase;
			buildActionMask = 2147483647;
			files = (
			);
			runOnlyForDeploymentPostprocessing = 0;
		};
/* End PBXResourcesBuildPhase section */

/* Begin PBXShellScriptBuildPhase section */
		1B9BBA6DC56395EB31BBCC71 /* [CP] Check Pods Manifest.lock */ = {
			isa = PBXShellScriptBuildPhase;
			buildActionMask = 2147483647;
			files = (
			);
			inputFileListPaths = (
			);
			inputPaths = (
				"${PODS_PODFILE_DIR_PATH}/Podfile.lock",
				"${PODS_ROOT}/Manifest.lock",
			);
			name = "[CP] Check Pods Manifest.lock";
			outputFileListPaths = (
			);
			outputPaths = (
				"$(DERIVED_FILE_DIR)/Pods-XSSharedUnit-checkManifestLockResult.txt",
			);
			runOnlyForDeploymentPostprocessing = 0;
			shellPath = /bin/sh;
			shellScript = "diff \"${PODS_PODFILE_DIR_PATH}/Podfile.lock\" \"${PODS_ROOT}/Manifest.lock\" > /dev/null\nif [ $? != 0 ] ; then\n    # print error to STDERR\n    echo \"error: The sandbox is not in sync with the Podfile.lock. Run 'pod install' or update your CocoaPods installation.\" >&2\n    exit 1\nfi\n# This output is used by Xcode 'outputs' to avoid re-running this script phase.\necho \"SUCCESS\" > \"${SCRIPT_OUTPUT_FILE_0}\"\n";
			showEnvVarsInLog = 0;
		};
/* End PBXShellScriptBuildPhase section */

/* Begin PBXSourcesBuildPhase section */
		5F37ABD524975AC200AEEF6F /* Sources */ = {
			isa = PBXSourcesBuildPhase;
			buildActionMask = 2147483647;
			files = (
				5F6B253A24ED28D100BF1979 /* XSDeviceInfo.m in Sources */,
				5F37AC3224975FEA00AEEF6F /* XSUIUtils.m in Sources */,
				5F6B254524ED2DEA00BF1979 /* UIDevice+XSDeviceInfo.m in Sources */,
				5F37AC2924975FEA00AEEF6F /* UIView+ExtraTag.m in Sources */,
				5F37AC2724975FEA00AEEF6F /* NSObject+CrashHandle.m in Sources */,
				5F37AC2E24975FEA00AEEF6F /* NSObject+Swizzling.m in Sources */,
				5F42704425A43ACE0088DBDF /* DataUtils.m in Sources */,
				5FAD2F522681C0DF00B00743 /* XSDictionary.m in Sources */,
				5F37AC2F24975FEA00AEEF6F /* XSUIFit.m in Sources */,
				5F37AC1C24975FEA00AEEF6F /* XSLoadingView.m in Sources */,
				5F6B254024ED2AEC00BF1979 /* XSReachability.m in Sources */,
				5F37AC1A24975FEA00AEEF6F /* XSNetRequestProgress.m in Sources */,
				5F37AC2B24975FEA00AEEF6F /* UIView+Action.m in Sources */,
				5F37AC1924975FEA00AEEF6F /* XSNetRequest.m in Sources */,
				5F37AC1D24975FEA00AEEF6F /* XSUITextField.m in Sources */,
				5F37AC1424975FEA00AEEF6F /* XSNetRequestManager.m in Sources */,
				5F37AC1524975FEA00AEEF6F /* UIViewController+XSNetRequestManager.m in Sources */,
				5FAD2F4C26818DD800B00743 /* XSArray.m in Sources */,
				5F37AC1024975FEA00AEEF6F /* XSNetRequestError.m in Sources */,
			);
			runOnlyForDeploymentPostprocessing = 0;
		};
/* End PBXSourcesBuildPhase section */

/* Begin XCBuildConfiguration section */
		5F37ABDF24975AC200AEEF6F /* Debug */ = {
			isa = XCBuildConfiguration;
			buildSettings = {
				ALWAYS_SEARCH_USER_PATHS = NO;
				CLANG_ANALYZER_NONNULL = YES;
				CLANG_ANALYZER_NUMBER_OBJECT_CONVERSION = YES_AGGRESSIVE;
				CLANG_CXX_LANGUAGE_STANDARD = "gnu++14";
				CLANG_CXX_LIBRARY = "libc++";
				CLANG_ENABLE_MODULES = YES;
				CLANG_ENABLE_OBJC_ARC = YES;
				CLANG_ENABLE_OBJC_WEAK = YES;
				CLANG_WARN_BLOCK_CAPTURE_AUTORELEASING = YES;
				CLANG_WARN_BOOL_CONVERSION = YES;
				CLANG_WARN_COMMA = YES;
				CLANG_WARN_CONSTANT_CONVERSION = YES;
				CLANG_WARN_DEPRECATED_OBJC_IMPLEMENTATIONS = YES;
				CLANG_WARN_DIRECT_OBJC_ISA_USAGE = YES_ERROR;
				CLANG_WARN_DOCUMENTATION_COMMENTS = YES;
				CLANG_WARN_EMPTY_BODY = YES;
				CLANG_WARN_ENUM_CONVERSION = YES;
				CLANG_WARN_INFINITE_RECURSION = YES;
				CLANG_WARN_INT_CONVERSION = YES;
				CLANG_WARN_NON_LITERAL_NULL_CONVERSION = YES;
				CLANG_WARN_OBJC_IMPLICIT_RETAIN_SELF = YES;
				CLANG_WARN_OBJC_LITERAL_CONVERSION = YES;
				CLANG_WARN_OBJC_ROOT_CLASS = YES_ERROR;
				CLANG_WARN_QUOTED_INCLUDE_IN_FRAMEWORK_HEADER = YES;
				CLANG_WARN_RANGE_LOOP_ANALYSIS = YES;
				CLANG_WARN_STRICT_PROTOTYPES = YES;
				CLANG_WARN_SUSPICIOUS_MOVE = YES;
				CLANG_WARN_UNGUARDED_AVAILABILITY = YES_AGGRESSIVE;
				CLANG_WARN_UNREACHABLE_CODE = YES;
				CLANG_WARN__DUPLICATE_METHOD_MATCH = YES;
				COPY_PHASE_STRIP = NO;
				CURRENT_PROJECT_VERSION = 1;
				DEBUG_INFORMATION_FORMAT = dwarf;
				ENABLE_STRICT_OBJC_MSGSEND = YES;
				ENABLE_TESTABILITY = YES;
				GCC_C_LANGUAGE_STANDARD = gnu11;
				GCC_DYNAMIC_NO_PIC = NO;
				GCC_NO_COMMON_BLOCKS = YES;
				GCC_OPTIMIZATION_LEVEL = 0;
				GCC_PREPROCESSOR_DEFINITIONS = (
					"DEBUG=1",
					"$(inherited)",
				);
				GCC_WARN_64_TO_32_BIT_CONVERSION = YES;
				GCC_WARN_ABOUT_RETURN_TYPE = YES_ERROR;
				GCC_WARN_UNDECLARED_SELECTOR = YES;
				GCC_WARN_UNINITIALIZED_AUTOS = YES_AGGRESSIVE;
				GCC_WARN_UNUSED_FUNCTION = YES;
				GCC_WARN_UNUSED_VARIABLE = YES;
				IPHONEOS_DEPLOYMENT_TARGET = 13.5;
				MTL_ENABLE_DEBUG_INFO = INCLUDE_SOURCE;
				MTL_FAST_MATH = YES;
				ONLY_ACTIVE_ARCH = YES;
				SDKROOT = iphoneos;
				VERSIONING_SYSTEM = "apple-generic";
				VERSION_INFO_PREFIX = "";
			};
			name = Debug;
		};
		5F37ABE024975AC200AEEF6F /* Release */ = {
			isa = XCBuildConfiguration;
			buildSettings = {
				ALWAYS_SEARCH_USER_PATHS = NO;
				CLANG_ANALYZER_NONNULL = YES;
				CLANG_ANALYZER_NUMBER_OBJECT_CONVERSION = YES_AGGRESSIVE;
				CLANG_CXX_LANGUAGE_STANDARD = "gnu++14";
				CLANG_CXX_LIBRARY = "libc++";
				CLANG_ENABLE_MODULES = YES;
				CLANG_ENABLE_OBJC_ARC = YES;
				CLANG_ENABLE_OBJC_WEAK = YES;
				CLANG_WARN_BLOCK_CAPTURE_AUTORELEASING = YES;
				CLANG_WARN_BOOL_CONVERSION = YES;
				CLANG_WARN_COMMA = YES;
				CLANG_WARN_CONSTANT_CONVERSION = YES;
				CLANG_WARN_DEPRECATED_OBJC_IMPLEMENTATIONS = YES;
				CLANG_WARN_DIRECT_OBJC_ISA_USAGE = YES_ERROR;
				CLANG_WARN_DOCUMENTATION_COMMENTS = YES;
				CLANG_WARN_EMPTY_BODY = YES;
				CLANG_WARN_ENUM_CONVERSION = YES;
				CLANG_WARN_INFINITE_RECURSION = YES;
				CLANG_WARN_INT_CONVERSION = YES;
				CLANG_WARN_NON_LITERAL_NULL_CONVERSION = YES;
				CLANG_WARN_OBJC_IMPLICIT_RETAIN_SELF = YES;
				CLANG_WARN_OBJC_LITERAL_CONVERSION = YES;
				CLANG_WARN_OBJC_ROOT_CLASS = YES_ERROR;
				CLANG_WARN_QUOTED_INCLUDE_IN_FRAMEWORK_HEADER = YES;
				CLANG_WARN_RANGE_LOOP_ANALYSIS = YES;
				CLANG_WARN_STRICT_PROTOTYPES = YES;
				CLANG_WARN_SUSPICIOUS_MOVE = YES;
				CLANG_WARN_UNGUARDED_AVAILABILITY = YES_AGGRESSIVE;
				CLANG_WARN_UNREACHABLE_CODE = YES;
				CLANG_WARN__DUPLICATE_METHOD_MATCH = YES;
				COPY_PHASE_STRIP = NO;
				CURRENT_PROJECT_VERSION = 1;
				DEBUG_INFORMATION_FORMAT = "dwarf-with-dsym";
				ENABLE_NS_ASSERTIONS = NO;
				ENABLE_STRICT_OBJC_MSGSEND = YES;
				GCC_C_LANGUAGE_STANDARD = gnu11;
				GCC_NO_COMMON_BLOCKS = YES;
				GCC_WARN_64_TO_32_BIT_CONVERSION = YES;
				GCC_WARN_ABOUT_RETURN_TYPE = YES_ERROR;
				GCC_WARN_UNDECLARED_SELECTOR = YES;
				GCC_WARN_UNINITIALIZED_AUTOS = YES_AGGRESSIVE;
				GCC_WARN_UNUSED_FUNCTION = YES;
				GCC_WARN_UNUSED_VARIABLE = YES;
				IPHONEOS_DEPLOYMENT_TARGET = 13.5;
				MTL_ENABLE_DEBUG_INFO = NO;
				MTL_FAST_MATH = YES;
				SDKROOT = iphoneos;
				VALIDATE_PRODUCT = YES;
				VERSIONING_SYSTEM = "apple-generic";
				VERSION_INFO_PREFIX = "";
			};
			name = Release;
		};
		5F37ABE224975AC200AEEF6F /* Debug */ = {
			isa = XCBuildConfiguration;
			baseConfigurationReference = A506A3B7B9BA3B5F779C91EB /* Pods-XSSharedUnit.debug.xcconfig */;
			buildSettings = {
				CODE_SIGN_STYLE = Automatic;
				DEFINES_MODULE = YES;
				DEVELOPMENT_TEAM = S63Y8AL2QU;
				DYLIB_COMPATIBILITY_VERSION = 1;
				DYLIB_CURRENT_VERSION = 1;
				DYLIB_INSTALL_NAME_BASE = "@rpath";
				INFOPLIST_FILE = XSSharedUnit/Info.plist;
				INSTALL_PATH = "$(LOCAL_LIBRARY_DIR)/Frameworks";
				IPHONEOS_DEPLOYMENT_TARGET = 9.0;
				LD_RUNPATH_SEARCH_PATHS = (
					"$(inherited)",
					"@executable_path/Frameworks",
					"@loader_path/Frameworks",
				);
				PRODUCT_BUNDLE_IDENTIFIER = com.macrolor.XSSharedUnit;
				PRODUCT_NAME = "$(TARGET_NAME:c99extidentifier)";
				SKIP_INSTALL = YES;
				TARGETED_DEVICE_FAMILY = "1,2";
			};
			name = Debug;
		};
		5F37ABE324975AC200AEEF6F /* Release */ = {
			isa = XCBuildConfiguration;
			baseConfigurationReference = 354AC451D72123573C57CADA /* Pods-XSSharedUnit.release.xcconfig */;
			buildSettings = {
				CODE_SIGN_STYLE = Automatic;
				DEFINES_MODULE = YES;
				DEVELOPMENT_TEAM = S63Y8AL2QU;
				DYLIB_COMPATIBILITY_VERSION = 1;
				DYLIB_CURRENT_VERSION = 1;
				DYLIB_INSTALL_NAME_BASE = "@rpath";
				INFOPLIST_FILE = XSSharedUnit/Info.plist;
				INSTALL_PATH = "$(LOCAL_LIBRARY_DIR)/Frameworks";
				IPHONEOS_DEPLOYMENT_TARGET = 9.0;
				LD_RUNPATH_SEARCH_PATHS = (
					"$(inherited)",
					"@executable_path/Frameworks",
					"@loader_path/Frameworks",
				);
				PRODUCT_BUNDLE_IDENTIFIER = com.macrolor.XSSharedUnit;
				PRODUCT_NAME = "$(TARGET_NAME:c99extidentifier)";
				SKIP_INSTALL = YES;
				TARGETED_DEVICE_FAMILY = "1,2";
			};
			name = Release;
		};
/* End XCBuildConfiguration section */

/* Begin XCConfigurationList section */
		5F37ABD324975AC200AEEF6F /* Build configuration list for PBXProject "XSSharedUnit" */ = {
			isa = XCConfigurationList;
			buildConfigurations = (
				5F37ABDF24975AC200AEEF6F /* Debug */,
				5F37ABE024975AC200AEEF6F /* Release */,
			);
			defaultConfigurationIsVisible = 0;
			defaultConfigurationName = Release;
		};
		5F37ABE124975AC200AEEF6F /* Build configuration list for PBXNativeTarget "XSSharedUnit" */ = {
			isa = XCConfigurationList;
			buildConfigurations = (
				5F37ABE224975AC200AEEF6F /* Debug */,
				5F37ABE324975AC200AEEF6F /* Release */,
			);
			defaultConfigurationIsVisible = 0;
			defaultConfigurationName = Release;
		};
/* End XCConfigurationList section */
	};
	rootObject = 5F37ABD024975AC200AEEF6F /* Project object */;
}
